
Microsoft Visual Studio Solution File, Format Version 12.00
# Visual Studio Version 17
VisualStudioVersion = 17.2.32616.157
MinimumVisualStudioVersion = 10.0.40219.1
Project("{9A19103F-16F7-4668-BE54-9A1E7A4F7556}") = "CursoCSharp", "CursoCSharp.csproj", "{FEEB3DAF-3954-42AE-A468-DB5F5D1BF271}"
EndProject
Global
	GlobalSection(SolutionConfigurationPlatforms) = preSolution
		Debug|Any CPU = Debug|Any CPU
		Release|Any CPU = Release|Any CPU
	EndGlobalSection
	GlobalSection(ProjectConfigurationPlatforms) = postSolution
		{FEEB3DAF-3954-42AE-A468-DB5F5D1BF271}.Debug|Any CPU.ActiveCfg = Debug|Any CPU
		{FEEB3DAF-3954-42AE-A468-DB5F5D1BF271}.Debug|Any CPU.Build.0 = Debug|Any CPU
		{FEEB3DAF-3954-42AE-A468-DB5F5D1BF271}.Release|Any CPU.ActiveCfg = Release|Any CPU
		{FEEB3DAF-3954-42AE-A468-DB5F5D1BF271}.Release|Any CPU.Build.0 = Release|Any CPU
	EndGlobalSection
	GlobalSection(SolutionProperties) = preSolution
		HideSolutionNode = FALSE
	EndGlobalSection
	GlobalSection(ExtensibilityGlobals) = postSolution
		SolutionGuid = {E7A1C796-F8D6-4786-8CAC-819BCE6A14BB}
	EndGlobalSection
EndGlobal
